<?xml version="1.0" encoding="utf-8"?>
<Project ToolsVersion="4.0" xmlns="http://schemas.microsoft.com/developer/msbuild/2003">
  <ItemGroup>
    <Filter Include="Source Files">
      <UniqueIdentifier>{4FC737F1-C7A5-4376-A066-2A32D752A2FF}</UniqueIdentifier>
      <Extensions>cpp;c;cc;cxx;def;odl;idl;hpj;bat;asm;asmx</Extensions>
    </Filter>
    <Filter Include="Header Files">
      <UniqueIdentifier>{93995380-89BD-4b04-88EB-625FBE52EBFB}</UniqueIdentifier>
      <Extensions>h;hpp;hxx;hm;inl;inc;xsd</Extensions>
    </Filter>
    <Filter Include="Resource Files">
      <UniqueIdentifier>{67DA6AB6-F800-4c08-8B7A-83BB121AAD01}</UniqueIdentifier>
      <Extensions>rc;ico;cur;bmp;dlg;rc2;rct;bin;rgs;gif;jpg;jpeg;jpe;resx;tiff;tif;png;wav;mfcribbon-ms</Extensions>
    </Filter>
  </ItemGroup>
  <ItemGroup>
    <ClInclude Include="..\..\c-ares-1.10.0\ares.h">
      <Filter>Header Files</Filter>
    </ClInclude>
    <ClInclude Include="..\..\c-ares-1.10.0\ares_build.h">
      <Filter>Header Files</Filter>
    </ClInclude>
    <ClInclude Include="..\..\c-ares-1.10.0\ares_data.h">
      <Filter>Header Files</Filter>
    </ClInclude>
    <ClInclude Include="..\..\c-ares-1.10.0\ares_dns.h">
      <Filter>Header Files</Filter>
    </ClInclude>
    <ClInclude Include="..\..\c-ares-1.10.0\ares_getenv.h">
      <Filter>Header Files</Filter>
    </ClInclude>
    <ClInclude Include="..\..\c-ares-1.10.0\ares_getopt.h">
      <Filter>Header Files</Filter>
    </ClInclude>
    <ClInclude Include="..\..\c-ares-1.10.0\ares_inet_net_pton.h">
      <Filter>Header Files</Filter>
    </ClInclude>
    <ClInclude Include="..\..\c-ares-1.10.0\ares_iphlpapi.h">
      <Filter>Header Files</Filter>
    </ClInclude>
    <ClInclude Include="..\..\c-ares-1.10.0\ares_ipv6.h">
      <Filter>Header Files</Filter>
    </ClInclude>
    <ClInclude Include="..\..\c-ares-1.10.0\ares_library_init.h">
      <Filter>Header Files</Filter>
    </ClInclude>
    <ClInclude Include="..\..\c-ares-1.10.0\ares_llist.h">
      <Filter>Header Files</Filter>
    </ClInclude>
    <ClInclude Include="..\..\c-ares-1.10.0\ares_nowarn.h">
      <Filter>Header Files</Filter>
    </ClInclude>
    <ClInclude Include="..\..\c-ares-1.10.0\ares_platform.h">
      <Filter>Header Files</Filter>
    </ClInclude>
    <ClInclude Include="..\..\c-ares-1.10.0\ares_private.h">
      <Filter>Header Files</Filter>
    </ClInclude>
    <ClInclude Include="..\..\c-ares-1.10.0\ares_rules.h">
      <Filter>Header Files</Filter>
    </ClInclude>
    <ClInclude Include="..\..\c-ares-1.10.0\ares_setup.h">
      <Filter>Header Files</Filter>
    </ClInclude>
    <ClInclude Include="..\..\c-ares-1.10.0\ares_strcasecmp.h">
      <Filter>Header Files</Filter>
    </ClInclude>
    <ClInclude Include="..\..\c-ares-1.10.0\ares_strdup.h">
      <Filter>Header Files</Filter>
    </ClInclude>
    <ClInclude Include="..\..\c-ares-1.10.0\ares_version.h">
      <Filter>Header Files</Filter>
    </ClInclude>
    <ClInclude Include="..\..\c-ares-1.10.0\ares_writev.h">
      <Filter>Header Files</Filter>
    </ClInclude>
    <ClInclude Include="..\..\c-ares-1.10.0\bitncmp.h">
      <Filter>Header Files</Filter>
    </ClInclude>
    <ClInclude Include="..\..\c-ares-1.10.0\config-dos.h">
      <Filter>Header Files</Filter>
    </ClInclude>
    <ClInclude Include="..\..\c-ares-1.10.0\config-win32.h">
      <Filter>Header Files</Filter>
    </ClInclude>
    <ClInclude Include="..\..\c-ares-1.10.0\nameser.h">
      <Filter>Header Files</Filter>
    </ClInclude>
    <ClInclude Include="..\..\c-ares-1.10.0\setup_once.h">
      <Filter>Header Files</Filter>
    </ClInclude>
  </ItemGroup>
  <ItemGroup>
    <ClCompile Include="..\..\c-ares-1.10.0\acountry.c">
      <Filter>Source Files</Filter>
    </ClCompile>
    <ClCompile Include="..\..\c-ares-1.10.0\adig.c">
      <Filter>Source Files</Filter>
    </ClCompile>
    <ClCompile Include="..\..\c-ares-1.10.0\ahost.c">
      <Filter>Source Files</Filter>
    </ClCompile>
    <ClCompile Include="..\..\c-ares-1.10.0\ares__close_sockets.c">
      <Filter>Source Files</Filter>
    </ClCompile>
    <ClCompile Include="..\..\c-ares-1.10.0\ares__get_hostent.c">
      <Filter>Source Files</Filter>
    </ClCompile>
    <ClCompile Include="..\..\c-ares-1.10.0\ares__read_line.c">
      <Filter>Source Files</Filter>
    </ClCompile>
    <ClCompile Include="..\..\c-ares-1.10.0\ares__timeval.c">
      <Filter>Source Files</Filter>
    </ClCompile>
    <ClCompile Include="..\..\c-ares-1.10.0\ares_cancel.c">
      <Filter>Source Files</Filter>
    </ClCompile>
    <ClCompile Include="..\..\c-ares-1.10.0\ares_create_query.c">
      <Filter>Source Files</Filter>
    </ClCompile>
    <ClCompile Include="..\..\c-ares-1.10.0\ares_data.c">
      <Filter>Source Files</Filter>
    </ClCompile>
    <ClCompile Include="..\..\c-ares-1.10.0\ares_destroy.c">
      <Filter>Source Files</Filter>
    </ClCompile>
    <ClCompile Include="..\..\c-ares-1.10.0\ares_expand_name.c">
      <Filter>Source Files</Filter>
    </ClCompile>
    <ClCompile Include="..\..\c-ares-1.10.0\ares_expand_string.c">
      <Filter>Source Files</Filter>
    </ClCompile>
    <ClCompile Include="..\..\c-ares-1.10.0\ares_fds.c">
      <Filter>Source Files</Filter>
    </ClCompile>
    <ClCompile Include="..\..\c-ares-1.10.0\ares_free_hostent.c">
      <Filter>Source Files</Filter>
    </ClCompile>
    <ClCompile Include="..\..\c-ares-1.10.0\ares_free_string.c">
      <Filter>Source Files</Filter>
    </ClCompile>
    <ClCompile Include="..\..\c-ares-1.10.0\ares_getenv.c">
      <Filter>Source Files</Filter>
    </ClCompile>
    <ClCompile Include="..\..\c-ares-1.10.0\ares_gethostbyaddr.c">
      <Filter>Source Files</Filter>
    </ClCompile>
    <ClCompile Include="..\..\c-ares-1.10.0\ares_gethostbyname.c">
      <Filter>Source Files</Filter>
    </ClCompile>
    <ClCompile Include="..\..\c-ares-1.10.0\ares_getnameinfo.c">
      <Filter>Source Files</Filter>
    </ClCompile>
    <ClCompile Include="..\..\c-ares-1.10.0\ares_getopt.c">
      <Filter>Source Files</Filter>
    </ClCompile>
    <ClCompile Include="..\..\c-ares-1.10.0\ares_getsock.c">
      <Filter>Source Files</Filter>
    </ClCompile>
    <ClCompile Include="..\..\c-ares-1.10.0\ares_init.c">
      <Filter>Source Files</Filter>
    </ClCompile>
    <ClCompile Include="..\..\c-ares-1.10.0\ares_library_init.c">
      <Filter>Source Files</Filter>
    </ClCompile>
    <ClCompile Include="..\..\c-ares-1.10.0\ares_llist.c">
      <Filter>Source Files</Filter>
    </ClCompile>
    <ClCompile Include="..\..\c-ares-1.10.0\ares_mkquery.c">
      <Filter>Source Files</Filter>
    </ClCompile>
    <ClCompile Include="..\..\c-ares-1.10.0\ares_nowarn.c">
      <Filter>Source Files</Filter>
    </ClCompile>
    <ClCompile Include="..\..\c-ares-1.10.0\ares_options.c">
      <Filter>Source Files</Filter>
    </ClCompile>
    <ClCompile Include="..\..\c-ares-1.10.0\ares_parse_a_reply.c">
      <Filter>Source Files</Filter>
    </ClCompile>
    <ClCompile Include="..\..\c-ares-1.10.0\ares_parse_aaaa_reply.c">
      <Filter>Source Files</Filter>
    </ClCompile>
    <ClCompile Include="..\..\c-ares-1.10.0\ares_parse_mx_reply.c">
      <Filter>Source Files</Filter>
    </ClCompile>
    <ClCompile Include="..\..\c-ares-1.10.0\ares_parse_naptr_reply.c">
      <Filter>Source Files</Filter>
    </ClCompile>
    <ClCompile Include="..\..\c-ares-1.10.0\ares_parse_ns_reply.c">
      <Filter>Source Files</Filter>
    </ClCompile>
    <ClCompile Include="..\..\c-ares-1.10.0\ares_parse_ptr_reply.c">
      <Filter>Source Files</Filter>
    </ClCompile>
    <ClCompile Include="..\..\c-ares-1.10.0\ares_parse_soa_reply.c">
      <Filter>Source Files</Filter>
    </ClCompile>
    <ClCompile Include="..\..\c-ares-1.10.0\ares_parse_srv_reply.c">
      <Filter>Source Files</Filter>
    </ClCompile>
    <ClCompile Include="..\..\c-ares-1.10.0\ares_parse_txt_reply.c">
      <Filter>Source Files</Filter>
    </ClCompile>
    <ClCompile Include="..\..\c-ares-1.10.0\ares_platform.c">
      <Filter>Source Files</Filter>
    </ClCompile>
    <ClCompile Include="..\..\c-ares-1.10.0\ares_process.c">
      <Filter>Source Files</Filter>
    </ClCompile>
    <ClCompile Include="..\..\c-ares-1.10.0\ares_query.c">
      <Filter>Source Files</Filter>
    </ClCompile>
    <ClCompile Include="..\..\c-ares-1.10.0\ares_search.c">
      <Filter>Source Files</Filter>
    </ClCompile>
    <ClCompile Include="..\..\c-ares-1.10.0\ares_send.c">
      <Filter>Source Files</Filter>
    </ClCompile>
    <ClCompile Include="..\..\c-ares-1.10.0\ares_strcasecmp.c">
      <Filter>Source Files</Filter>
    </ClCompile>
    <ClCompile Include="..\..\c-ares-1.10.0\ares_strdup.c">
      <Filter>Source Files</Filter>
    </ClCompile>
    <ClCompile Include="..\..\c-ares-1.10.0\ares_strerror.c">
      <Filter>Source Files</Filter>
    </ClCompile>
    <ClCompile Include="..\..\c-ares-1.10.0\ares_timeout.c">
      <Filter>Source Files</Filter>
    </ClCompile>
    <ClCompile Include="..\..\c-ares-1.10.0\ares_version.c">
      <Filter>Source Files</Filter>
    </ClCompile>
    <ClCompile Include="..\..\c-ares-1.10.0\ares_writev.c">
      <Filter>Source Files</Filter>
    </ClCompile>
    <ClCompile Include="..\..\c-ares-1.10.0\bitncmp.c">
      <Filter>Source Files</Filter>
    </ClCompile>
    <ClCompile Include="..\..\c-ares-1.10.0\inet_net_pton.c">
      <Filter>Source Files</Filter>
    </ClCompile>
    <ClCompile Include="..\..\c-ares-1.10.0\inet_ntop.c">
      <Filter>Source Files</Filter>
    </ClCompile>
    <ClCompile Include="..\..\c-ares-1.10.0\windows_port.c">
      <Filter>Source Files</Filter>
    </ClCompile>
  </ItemGroup>
</Project>