
Microsoft Visual Studio Solution File, Format Version 11.00
# Visual C++ Express 2010
Project("{8BC9CEB8-8B4A-11D0-8D11-00A0C91BC942}") = "CinchDesigner", "Designer2\Designer2.vcxproj", "{71D0DEEB-2417-490E-A78D-DA6BC67A40E1}"
EndProject
Project("{8BC9CEB8-8B4A-11D0-8D11-00A0C91BC942}") = "CinchGrid", "CinchGrid\CinchGrid\CinchGrid.vcxproj", "{34961205-8C12-4EF6-9C89-2392B57D6E89}"
EndProject
Project("{8BC9CEB8-8B4A-11D0-8D11-00A0C91BC942}") = "JsonBox", "JsonBox\JsonBox.vcxproj", "{2C276D4C-8C6F-4B41-A01B-A64409D3F3D4}"
EndProject
Global
	GlobalSection(SolutionConfigurationPlatforms) = preSolution
		Debug|Win32 = Debug|Win32
		Release|Win32 = Release|Win32
	EndGlobalSection
	GlobalSection(ProjectConfigurationPlatforms) = postSolution
		{71D0DEEB-2417-490E-A78D-DA6BC67A40E1}.Debug|Win32.ActiveCfg = Debug|Win32
		{71D0DEEB-2417-490E-A78D-DA6BC67A40E1}.Debug|Win32.Build.0 = Debug|Win32
		{71D0DEEB-2417-490E-A78D-DA6BC67A40E1}.Release|Win32.ActiveCfg = Release|Win32
		{71D0DEEB-2417-490E-A78D-DA6BC67A40E1}.Release|Win32.Build.0 = Release|Win32
		{34961205-8C12-4EF6-9C89-2392B57D6E89}.Debug|Win32.ActiveCfg = Debug|Win32
		{34961205-8C12-4EF6-9C89-2392B57D6E89}.Debug|Win32.Build.0 = Debug|Win32
		{34961205-8C12-4EF6-9C89-2392B57D6E89}.Release|Win32.ActiveCfg = Release|Win32
		{34961205-8C12-4EF6-9C89-2392B57D6E89}.Release|Win32.Build.0 = Release|Win32
		{2C276D4C-8C6F-4B41-A01B-A64409D3F3D4}.Debug|Win32.ActiveCfg = Debug|Win32
		{2C276D4C-8C6F-4B41-A01B-A64409D3F3D4}.Debug|Win32.Build.0 = Debug|Win32
		{2C276D4C-8C6F-4B41-A01B-A64409D3F3D4}.Release|Win32.ActiveCfg = Release|Win32
		{2C276D4C-8C6F-4B41-A01B-A64409D3F3D4}.Release|Win32.Build.0 = Release|Win32
	EndGlobalSection
	GlobalSection(SolutionProperties) = preSolution
		HideSolutionNode = FALSE
	EndGlobalSection
EndGlobal
