<?xml version="1.0" encoding="utf-8"?>
<Project ToolsVersion="4.0" xmlns="http://schemas.microsoft.com/developer/msbuild/2003">
  <ItemGroup>
    <Filter Include="Source Files">
      <UniqueIdentifier>{4FC737F1-C7A5-4376-A066-2A32D752A2FF}</UniqueIdentifier>
      <Extensions>cpp;c;cc;cxx;def;odl;idl;hpj;bat;asm;asmx</Extensions>
    </Filter>
    <Filter Include="Header Files">
      <UniqueIdentifier>{93995380-89BD-4b04-88EB-625FBE52EBFB}</UniqueIdentifier>
      <Extensions>h;hpp;hxx;hm;inl;inc;xsd</Extensions>
    </Filter>
    <Filter Include="Resource Files">
      <UniqueIdentifier>{67DA6AB6-F800-4c08-8B7A-83BB121AAD01}</UniqueIdentifier>
      <Extensions>rc;ico;cur;bmp;dlg;rc2;rct;bin;rgs;gif;jpg;jpeg;jpe;resx;tiff;tif;png;wav;mfcribbon-ms</Extensions>
    </Filter>
    <Filter Include="Header Files\Handlers">
      <UniqueIdentifier>{c10f5d7b-f695-4256-8f89-dee67d201ca0}</UniqueIdentifier>
    </Filter>
    <Filter Include="Source Files\Handlers">
      <UniqueIdentifier>{81f75347-3d19-4945-a2dd-47f9f3fbcd65}</UniqueIdentifier>
    </Filter>
    <Filter Include="Source Files\Menu">
      <UniqueIdentifier>{8c10faea-c75a-4ee2-97fe-11dbf5d3ee06}</UniqueIdentifier>
    </Filter>
    <Filter Include="Header Files\Explorer">
      <UniqueIdentifier>{db33b7f8-6b83-4375-a4be-23614f8c13b2}</UniqueIdentifier>
    </Filter>
    <Filter Include="Source Files\Dialogs">
      <UniqueIdentifier>{a356944a-5727-47a3-bee2-0ac02f815d83}</UniqueIdentifier>
    </Filter>
    <Filter Include="Source Files\Javascript">
      <UniqueIdentifier>{3d42a95e-cd7b-4e52-afb0-dd644bc3a631}</UniqueIdentifier>
    </Filter>
  </ItemGroup>
  <ItemGroup>
    <None Include="small.ico">
      <Filter>Resource Files</Filter>
    </None>
    <None Include="Desktop.ico">
      <Filter>Resource Files</Filter>
    </None>
    <None Include="New.ico">
      <Filter>Resource Files</Filter>
    </None>
    <None Include="LIST.BMP">
      <Filter>Resource Files</Filter>
    </None>
    <None Include="res\AddTableS.bmp">
      <Filter>Resource Files</Filter>
    </None>
    <None Include="res\DeleteL.bmp">
      <Filter>Resource Files</Filter>
    </None>
  </ItemGroup>
  <ItemGroup>
    <ClInclude Include="stdafx.h">
      <Filter>Header Files</Filter>
    </ClInclude>
    <ClInclude Include="targetver.h">
      <Filter>Header Files</Filter>
    </ClInclude>
    <ClInclude Include="Resource.h">
      <Filter>Header Files</Filter>
    </ClInclude>
    <ClInclude Include="Desktop.h">
      <Filter>Header Files</Filter>
    </ClInclude>
    <ClInclude Include="CouchViewDelegate.h">
      <Filter>Header Files</Filter>
    </ClInclude>
    <ClInclude Include="util.h">
      <Filter>Header Files</Filter>
    </ClInclude>
    <ClInclude Include="Toolbar.h">
      <Filter>Header Files</Filter>
    </ClInclude>
    <ClInclude Include="Replication.h">
      <Filter>Header Files</Filter>
    </ClInclude>
    <ClInclude Include="ConditionManager.h">
      <Filter>Header Files</Filter>
    </ClInclude>
    <ClInclude Include="ArrayOfObjectsDelegate.h">
      <Filter>Header Files</Filter>
    </ClInclude>
    <ClInclude Include="BlankDelegate.h">
      <Filter>Header Files</Filter>
    </ClInclude>
    <ClInclude Include="CinchDesigner.h">
      <Filter>Header Files</Filter>
    </ClInclude>
    <ClInclude Include="Detail.h">
      <Filter>Header Files</Filter>
    </ClInclude>
    <ClInclude Include="Form.h">
      <Filter>Header Files</Filter>
    </ClInclude>
    <ClInclude Include="FormDelegate.h">
      <Filter>Header Files</Filter>
    </ClInclude>
    <ClInclude Include="FormField.h">
      <Filter>Header Files</Filter>
    </ClInclude>
    <ClInclude Include="FormLayout.h">
      <Filter>Header Files</Filter>
    </ClInclude>
    <ClInclude Include="MaskEdit.h">
      <Filter>Header Files</Filter>
    </ClInclude>
    <ClInclude Include="NotifyParent.h">
      <Filter>Header Files</Filter>
    </ClInclude>
    <ClInclude Include="ReadOnlyDelegate.h">
      <Filter>Header Files</Filter>
    </ClInclude>
    <ClInclude Include="DetailViewDelegate.h">
      <Filter>Header Files</Filter>
    </ClInclude>
    <ClInclude Include="Constants.h">
      <Filter>Header Files</Filter>
    </ClInclude>
    <ClInclude Include="AttachmentViewer.h">
      <Filter>Header Files</Filter>
    </ClInclude>
    <ClInclude Include="base64.h">
      <Filter>Header Files</Filter>
    </ClInclude>
    <ClInclude Include="ViewAutocompleteSource.h">
      <Filter>Header Files</Filter>
    </ClInclude>
    <ClInclude Include="Application.h">
      <Filter>Header Files</Filter>
    </ClInclude>
    <ClInclude Include="CommandHandler.h">
      <Filter>Header Files</Filter>
    </ClInclude>
    <ClInclude Include="RibbonFramework.h">
      <Filter>Header Files</Filter>
    </ClInclude>
    <ClInclude Include="PropertySet.h">
      <Filter>Header Files</Filter>
    </ClInclude>
    <ClInclude Include="NewDocumentHandler.h">
      <Filter>Header Files\Handlers</Filter>
    </ClInclude>
    <ClInclude Include="console.h">
      <Filter>Header Files</Filter>
    </ClInclude>
    <ClInclude Include="Explorer.h">
      <Filter>Header Files\Explorer</Filter>
    </ClInclude>
    <ClInclude Include="SwitchPerspectiveHandler.h">
      <Filter>Header Files\Handlers</Filter>
    </ClInclude>
    <ClInclude Include="NewPerspective.h">
      <Filter>Source Files\Dialogs</Filter>
    </ClInclude>
  </ItemGroup>
  <ItemGroup>
    <ClCompile Include="stdafx.cpp">
      <Filter>Source Files</Filter>
    </ClCompile>
    <ClCompile Include="Desktop.cpp">
      <Filter>Source Files</Filter>
    </ClCompile>
    <ClCompile Include="CouchViewDelegate.cpp">
      <Filter>Source Files</Filter>
    </ClCompile>
    <ClCompile Include="util.cpp">
      <Filter>Source Files</Filter>
    </ClCompile>
    <ClCompile Include="Toolbar.cpp">
      <Filter>Source Files</Filter>
    </ClCompile>
    <ClCompile Include="ConditionManager.cpp">
      <Filter>Source Files</Filter>
    </ClCompile>
    <ClCompile Include="ArrayOfObjectsDelegate.cpp">
      <Filter>Source Files</Filter>
    </ClCompile>
    <ClCompile Include="BlankDelegate.cpp">
      <Filter>Source Files</Filter>
    </ClCompile>
    <ClCompile Include="CinchDesigner.cpp">
      <Filter>Source Files</Filter>
    </ClCompile>
    <ClCompile Include="Detail.cpp">
      <Filter>Source Files</Filter>
    </ClCompile>
    <ClCompile Include="Form.cpp">
      <Filter>Source Files</Filter>
    </ClCompile>
    <ClCompile Include="FormField.cpp">
      <Filter>Source Files</Filter>
    </ClCompile>
    <ClCompile Include="FormLayout.cpp">
      <Filter>Source Files</Filter>
    </ClCompile>
    <ClCompile Include="MaskEdit.cpp">
      <Filter>Source Files</Filter>
    </ClCompile>
    <ClCompile Include="NotifyParent.cpp">
      <Filter>Source Files</Filter>
    </ClCompile>
    <ClCompile Include="ReadOnlyDelegate.cpp">
      <Filter>Source Files</Filter>
    </ClCompile>
    <ClCompile Include="DetailViewDelegate.cpp">
      <Filter>Source Files</Filter>
    </ClCompile>
    <ClCompile Include="AttachmentViewer.cpp">
      <Filter>Source Files</Filter>
    </ClCompile>
    <ClCompile Include="base64.cpp">
      <Filter>Source Files</Filter>
    </ClCompile>
    <ClCompile Include="Application.cpp">
      <Filter>Source Files</Filter>
    </ClCompile>
    <ClCompile Include="CommandHandler.cpp">
      <Filter>Source Files</Filter>
    </ClCompile>
    <ClCompile Include="RibbonFramework.cpp">
      <Filter>Source Files</Filter>
    </ClCompile>
    <ClCompile Include="PropertySet.cpp">
      <Filter>Source Files</Filter>
    </ClCompile>
    <ClCompile Include="NewDocumentHandler.cpp">
      <Filter>Source Files\Handlers</Filter>
    </ClCompile>
    <ClCompile Include="console.cpp">
      <Filter>Source Files</Filter>
    </ClCompile>
    <ClCompile Include="RenameItemHandler.cpp">
      <Filter>Source Files\Menu</Filter>
    </ClCompile>
    <ClCompile Include="ApplicationMenu.cpp">
      <Filter>Source Files\Menu</Filter>
    </ClCompile>
    <ClCompile Include="HandleDragDrop.cpp">
      <Filter>Source Files\Menu</Filter>
    </ClCompile>
    <ClCompile Include="ContextMenuHandler.cpp">
      <Filter>Source Files\Menu</Filter>
    </ClCompile>
    <ClCompile Include="SwitchPerspectiveHandler.cpp">
      <Filter>Source Files\Handlers</Filter>
    </ClCompile>
    <ClCompile Include="NewPerspective.cpp">
      <Filter>Source Files\Dialogs</Filter>
    </ClCompile>
  </ItemGroup>
  <ItemGroup>
    <ResourceCompile Include="Desktop.rc">
      <Filter>Resource Files</Filter>
    </ResourceCompile>
    <ResourceCompile Include="SimpleRibbon.rc">
      <Filter>Resource Files</Filter>
    </ResourceCompile>
  </ItemGroup>
  <ItemGroup>
    <Manifest Include="Desktop.exe.manifest" />
  </ItemGroup>
  <ItemGroup>
    <CustomBuild Include="SimpleRibbon.xml" />
  </ItemGroup>
</Project>